
Microsoft Visual Studio Solution File, Format Version 12.00
# Visual Studio Version 17
VisualStudioVersion = 17.8.34330.188
MinimumVisualStudioVersion = 10.0.40219.1
Project("{FAE04EC0-301F-11D3-BF4B-00C04F79EFBC}") = "PdfToWordAssignment", "PdfToWordAssignment\PdfToWordAssignment.csproj", "{507147FD-62C9-4D07-AAD0-322B1E6E8D82}"
EndProject
Global
	GlobalSection(SolutionConfigurationPlatforms) = preSolution
		Debug|Any CPU = Debug|Any CPU
		Release|Any CPU = Release|Any CPU
	EndGlobalSection
	GlobalSection(ProjectConfigurationPlatforms) = postSolution
		{507147FD-62C9-4D07-AAD0-322B1E6E8D82}.Debug|Any CPU.ActiveCfg = Debug|Any CPU
		{507147FD-62C9-4D07-AAD0-322B1E6E8D82}.Debug|Any CPU.Build.0 = Debug|Any CPU
		{507147FD-62C9-4D07-AAD0-322B1E6E8D82}.Release|Any CPU.ActiveCfg = Release|Any CPU
		{507147FD-62C9-4D07-AAD0-322B1E6E8D82}.Release|Any CPU.Build.0 = Release|Any CPU
	EndGlobalSection
	GlobalSection(SolutionProperties) = preSolution
		HideSolutionNode = FALSE
	EndGlobalSection
	GlobalSection(ExtensibilityGlobals) = postSolution
		SolutionGuid = {E8C2A696-8094-4EAD-915E-9D793372C64F}
	EndGlobalSection
EndGlobal
